
Microsoft Visual Studio Solution File, Format Version 12.00
# Visual Studio 15
VisualStudioVersion = 15.0.26430.16
MinimumVisualStudioVersion = 10.0.40219.1
Project("{FAE04EC0-301F-11D3-BF4B-00C04F79EFBC}") = "WebServiceModel", "DNR2\WebServiceModel\WebServiceModel.csproj", "{8158F5B9-73E7-4124-88A7-309EAAF22292}"
EndProject
Project("{FAE04EC0-301F-11D3-BF4B-00C04F79EFBC}") = "Tests", "DNR2\Tests\Tests.csproj", "{3BB05265-B23D-496E-95BE-4E8A18C246D4}"
EndProject
Global
	GlobalSection(SolutionConfigurationPlatforms) = preSolution
		Debug|Any CPU = Debug|Any CPU
		Release|Any CPU = Release|Any CPU
	EndGlobalSection
	GlobalSection(ProjectConfigurationPlatforms) = postSolution
		{8158F5B9-73E7-4124-88A7-309EAAF22292}.Debug|Any CPU.ActiveCfg = Debug|Any CPU
		{8158F5B9-73E7-4124-88A7-309EAAF22292}.Debug|Any CPU.Build.0 = Debug|Any CPU
		{8158F5B9-73E7-4124-88A7-309EAAF22292}.Release|Any CPU.ActiveCfg = Release|Any CPU
		{8158F5B9-73E7-4124-88A7-309EAAF22292}.Release|Any CPU.Build.0 = Release|Any CPU
		{3BB05265-B23D-496E-95BE-4E8A18C246D4}.Debug|Any CPU.ActiveCfg = Debug|Any CPU
		{3BB05265-B23D-496E-95BE-4E8A18C246D4}.Debug|Any CPU.Build.0 = Debug|Any CPU
		{3BB05265-B23D-496E-95BE-4E8A18C246D4}.Release|Any CPU.ActiveCfg = Release|Any CPU
		{3BB05265-B23D-496E-95BE-4E8A18C246D4}.Release|Any CPU.Build.0 = Release|Any CPU
	EndGlobalSection
	GlobalSection(SolutionProperties) = preSolution
		HideSolutionNode = FALSE
	EndGlobalSection
EndGlobal
