
Microsoft Visual Studio Solution File, Format Version 12.00
# Visual Studio Version 17
VisualStudioVersion = 17.2.32630.192
MinimumVisualStudioVersion = 10.0.40219.1
Project("{FAE04EC0-301F-11D3-BF4B-00C04F79EFBC}") = "DNRSurvey", "DNRSurvey\DNRSurvey.csproj", "{2EBE7D03-BD74-406F-94E2-AFA62CD0555A}"
EndProject
Project("{FAE04EC0-301F-11D3-BF4B-00C04F79EFBC}") = "Services", "Services\Services.csproj", "{617DE358-B14E-442B-BB5D-65E775708F8A}"
EndProject
Global
	GlobalSection(SolutionConfigurationPlatforms) = preSolution
		Debug|Any CPU = Debug|Any CPU
		Release|Any CPU = Release|Any CPU
	EndGlobalSection
	GlobalSection(ProjectConfigurationPlatforms) = postSolution
		{2EBE7D03-BD74-406F-94E2-AFA62CD0555A}.Debug|Any CPU.ActiveCfg = Debug|Any CPU
		{2EBE7D03-BD74-406F-94E2-AFA62CD0555A}.Debug|Any CPU.Build.0 = Debug|Any CPU
		{2EBE7D03-BD74-406F-94E2-AFA62CD0555A}.Release|Any CPU.ActiveCfg = Release|Any CPU
		{2EBE7D03-BD74-406F-94E2-AFA62CD0555A}.Release|Any CPU.Build.0 = Release|Any CPU
		{617DE358-B14E-442B-BB5D-65E775708F8A}.Debug|Any CPU.ActiveCfg = Debug|Any CPU
		{617DE358-B14E-442B-BB5D-65E775708F8A}.Debug|Any CPU.Build.0 = Debug|Any CPU
		{617DE358-B14E-442B-BB5D-65E775708F8A}.Release|Any CPU.ActiveCfg = Release|Any CPU
		{617DE358-B14E-442B-BB5D-65E775708F8A}.Release|Any CPU.Build.0 = Release|Any CPU
	EndGlobalSection
	GlobalSection(SolutionProperties) = preSolution
		HideSolutionNode = FALSE
	EndGlobalSection
	GlobalSection(ExtensibilityGlobals) = postSolution
		SolutionGuid = {1C97A9F5-B5D4-4E56-AFD1-8B809B5637CD}
	EndGlobalSection
EndGlobal
